
Microsoft Visual Studio Solution File, Format Version 12.00
# Visual Studio 15
VisualStudioVersion = 15.0.27428.2011
MinimumVisualStudioVersion = 10.0.40219.1
Project("{FAE04EC0-301F-11D3-BF4B-00C04F79EFBC}") = "AlgorithmsAndDataStructuresInCshapr", "AlgorithmsAndDataStructuresInCshapr\AlgorithmsAndDataStructuresInCshapr.csproj", "{9E39B8E3-868E-4530-B714-ACCA0E1F8A16}"
EndProject
Global
	GlobalSection(SolutionConfigurationPlatforms) = preSolution
		Debug|Any CPU = Debug|Any CPU
		Release|Any CPU = Release|Any CPU
	EndGlobalSection
	GlobalSection(ProjectConfigurationPlatforms) = postSolution
		{9E39B8E3-868E-4530-B714-ACCA0E1F8A16}.Debug|Any CPU.ActiveCfg = Debug|Any CPU
		{9E39B8E3-868E-4530-B714-ACCA0E1F8A16}.Debug|Any CPU.Build.0 = Debug|Any CPU
		{9E39B8E3-868E-4530-B714-ACCA0E1F8A16}.Release|Any CPU.ActiveCfg = Release|Any CPU
		{9E39B8E3-868E-4530-B714-ACCA0E1F8A16}.Release|Any CPU.Build.0 = Release|Any CPU
	EndGlobalSection
	GlobalSection(SolutionProperties) = preSolution
		HideSolutionNode = FALSE
	EndGlobalSection
	GlobalSection(ExtensibilityGlobals) = postSolution
		SolutionGuid = {3B5D27BD-CE4A-4BBE-8044-24016C404DC5}
	EndGlobalSection
EndGlobal
